<?xml version="1.0" encoding="utf-8"?>
<Project ToolsVersion="4.0" xmlns="http://schemas.microsoft.com/developer/msbuild/2003">
  <ItemGroup>
    <FxCompile Include="$(MSBuildThisFileDirectory)DebugShader.hlsl" />
    <FxCompile Include="$(MSBuildThisFileDirectory)Grid.hlsl" />
    <FxCompile Include="$(MSBuildThisFileDirectory)Sprite.hlsl" />
    <FxCompile Include="$(MSBuildThisFileDirectory)TrailShader.hlsl" />
    <FxCompile Include="$(MSBuildThisFileDirectory)Rect.hlsl" />
    <FxCompile Include="$(MSBuildThisFileDirectory)Particle.hlsl" />
    <FxCompile Include="$(MSBuildThisFileDirectory)ParticleCS.hlsl" />
    <FxCompile Include="$(MSBuildThisFileDirectory)Halo.hlsl" />
    <FxCompile Include="$(MSBuildThisFileDirectory)WingShader.hlsl" />
    <FxCompile Include="$(MSBuildThisFileDirectory)LaserShader.hlsl" />
    <FxCompile Include="$(MSBuildThisFileDirectory)GaugeShader.hlsl" />
    <FxCompile Include="$(MSBuildThisFileDirectory)UIShader.hlsl" />
    <FxCompile Include="$(MSBuildThisFileDirectory)SlotShader.hlsl" />
  </ItemGroup>
  <ItemGroup>
    <None Include="$(MSBuildThisFileDirectory)global.hlsli" />
  </ItemGroup>
</Project>