<?xml version="1.0" encoding="utf-8"?>
<Project ToolsVersion="4.0" xmlns="http://schemas.microsoft.com/developer/msbuild/2003">
  <ItemGroup>
    <Filter Include="Event">
      <UniqueIdentifier>{a746cf09-a0a9-41ef-bb5d-4f8d0722622d}</UniqueIdentifier>
    </Filter>
    <Filter Include="Layer">
      <UniqueIdentifier>{c5c806fc-5e77-43a3-8f52-37e850675eb8}</UniqueIdentifier>
    </Filter>
    <Filter Include="Panels">
      <UniqueIdentifier>{3b00d5d4-e1f0-47a3-8dcc-8d79c917b1d2}</UniqueIdentifier>
    </Filter>
    <Filter Include="Application">
      <UniqueIdentifier>{d03604b0-ff22-46f8-af80-d4c664621382}</UniqueIdentifier>
    </Filter>
    <Filter Include="Win32Window">
      <UniqueIdentifier>{5213f596-dee2-428b-a6f8-c5c6a72f665f}</UniqueIdentifier>
    </Filter>
    <Filter Include="Renderer">
      <UniqueIdentifier>{1b772e5d-f55a-4589-970d-0e2bc22093ef}</UniqueIdentifier>
    </Filter>
    <Filter Include="Component">
      <UniqueIdentifier>{424cd6a8-3f75-4daa-804e-550ebf8e90b3}</UniqueIdentifier>
    </Filter>
    <Filter Include="Entity">
      <UniqueIdentifier>{5b0309c5-7db6-4bf8-bd8b-4ddd8c2d2250}</UniqueIdentifier>
    </Filter>
    <Filter Include="Layer\EditorLayer">
      <UniqueIdentifier>{cd6db916-ba18-4c65-8d30-d98c99f47aac}</UniqueIdentifier>
    </Filter>
    <Filter Include="ImGui">
      <UniqueIdentifier>{36054642-d05d-4ab2-8db6-7711f3d3bc23}</UniqueIdentifier>
    </Filter>
    <Filter Include="Layer\ImGuiLayer">
      <UniqueIdentifier>{c7c2ea06-a73e-468c-b8a9-e584dfcf0468}</UniqueIdentifier>
    </Filter>
    <Filter Include="Graphics">
      <UniqueIdentifier>{034e50b2-f380-43b7-a61c-28e4381d863d}</UniqueIdentifier>
    </Filter>
    <Filter Include="Graphics\RenderTargetGroup">
      <UniqueIdentifier>{6fa7cc54-e47f-44a2-af5e-e2b759940dda}</UniqueIdentifier>
    </Filter>
    <Filter Include="Graphics\Buffer">
      <UniqueIdentifier>{ca3368fb-91b8-4d1a-86aa-40fa2899f0ff}</UniqueIdentifier>
    </Filter>
    <Filter Include="Graphics\PiplelineStates">
      <UniqueIdentifier>{d931dae7-eb6a-40d2-9419-b868c63ec9c4}</UniqueIdentifier>
    </Filter>
    <Filter Include="Resource">
      <UniqueIdentifier>{4c087bd6-56b3-4f9d-9251-949fb1cdf883}</UniqueIdentifier>
    </Filter>
    <Filter Include="Resource\Texture">
      <UniqueIdentifier>{a3d03b6b-e4e3-4265-b683-72335cd7120d}</UniqueIdentifier>
    </Filter>
    <Filter Include="Resource\Mesh">
      <UniqueIdentifier>{c9939028-2cb1-42f0-bac7-416a5608af3e}</UniqueIdentifier>
    </Filter>
    <Filter Include="Resource\Shader">
      <UniqueIdentifier>{4701b854-61d1-4211-a7a6-a8211929d178}</UniqueIdentifier>
    </Filter>
    <Filter Include="Resource\ComputeShader">
      <UniqueIdentifier>{68969fc8-a1a0-4203-93e4-d8afcd997263}</UniqueIdentifier>
    </Filter>
    <Filter Include="Scene">
      <UniqueIdentifier>{3828c2e1-b862-413d-8dd8-5598d19187cc}</UniqueIdentifier>
    </Filter>
    <Filter Include="Scene\SceneSerializer">
      <UniqueIdentifier>{c1af8e60-027a-4715-9d74-a38ea3abcdd2}</UniqueIdentifier>
    </Filter>
    <Filter Include="Utils">
      <UniqueIdentifier>{c9c0a995-394d-41ee-9424-48a45c8707c1}</UniqueIdentifier>
    </Filter>
    <Filter Include="Utils\Math">
      <UniqueIdentifier>{c0f08d10-3fe2-44b2-aefa-106cef114521}</UniqueIdentifier>
    </Filter>
    <Filter Include="Utils\Pch">
      <UniqueIdentifier>{3b91a8a1-10b6-4f0d-b164-59032ee8ebd1}</UniqueIdentifier>
    </Filter>
    <Filter Include="Utils\UUID">
      <UniqueIdentifier>{6d8f83cf-063b-4e62-8ee4-c15ea195cc84}</UniqueIdentifier>
    </Filter>
    <Filter Include="Utils\Physics">
      <UniqueIdentifier>{6d33ffda-d59a-482d-8ce6-1932b282c434}</UniqueIdentifier>
    </Filter>
    <Filter Include="Utils\EditorUtils">
      <UniqueIdentifier>{b73b4408-f279-42bf-81d8-63308cd52915}</UniqueIdentifier>
    </Filter>
    <Filter Include="Utils\EditorUtils\FileDialog">
      <UniqueIdentifier>{faed5afb-8469-4ac0-a5db-3eac6a323d85}</UniqueIdentifier>
    </Filter>
    <Filter Include="Utils\Input">
      <UniqueIdentifier>{97c8f2b4-6d4f-4bff-be0b-88c4f755f0c9}</UniqueIdentifier>
    </Filter>
    <Filter Include="Utils\Time">
      <UniqueIdentifier>{22dae2df-34fc-45c8-8dd2-43bc380a3aae}</UniqueIdentifier>
    </Filter>
    <Filter Include="Manager">
      <UniqueIdentifier>{9b07c630-bb2c-43ed-97c4-07722164d47c}</UniqueIdentifier>
    </Filter>
    <Filter Include="Manager\ParentManager">
      <UniqueIdentifier>{8fe6b6d8-7a3f-4227-a743-6d3f5514619f}</UniqueIdentifier>
    </Filter>
    <Filter Include="Manager\SceneManager">
      <UniqueIdentifier>{902f33bf-f1fc-40d8-9a69-3cc2b0f46424}</UniqueIdentifier>
    </Filter>
    <Filter Include="Manager\CollisionManager">
      <UniqueIdentifier>{4ac68440-1c4c-49b5-85aa-c2496da0e4fc}</UniqueIdentifier>
    </Filter>
    <Filter Include="Scripting">
      <UniqueIdentifier>{28e423f7-b6a6-4f64-863e-a7d3020fc178}</UniqueIdentifier>
    </Filter>
    <Filter Include="UI">
      <UniqueIdentifier>{c59979fa-fbdf-4791-b6b8-bc032dc00c01}</UniqueIdentifier>
    </Filter>
    <Filter Include="Serializer">
      <UniqueIdentifier>{0bdd4fe1-1bfd-40e9-af2c-7ef4b2720f3a}</UniqueIdentifier>
    </Filter>
    <Filter Include="Resource\Animation">
      <UniqueIdentifier>{20aec0d3-f54f-4dcb-87e7-cf52a50b0ba7}</UniqueIdentifier>
    </Filter>
    <Filter Include="Buffer">
      <UniqueIdentifier>{8c8537e3-7583-49e6-aa11-4619cfa07281}</UniqueIdentifier>
    </Filter>
    <Filter Include="FileSystem">
      <UniqueIdentifier>{83d67c12-007e-40d8-8f69-8041fbb0142a}</UniqueIdentifier>
    </Filter>
    <Filter Include="Resource\Prefab">
      <UniqueIdentifier>{6ad10e62-5f62-4186-acd8-b0a4a953e92b}</UniqueIdentifier>
    </Filter>
    <Filter Include="Resource\Material">
      <UniqueIdentifier>{52b35746-70ce-42c8-b350-ba2f7ff30eef}</UniqueIdentifier>
    </Filter>
    <Filter Include="Component\ID">
      <UniqueIdentifier>{ec477148-c805-4183-ab05-e9544c37540a}</UniqueIdentifier>
    </Filter>
    <Filter Include="Component\Transform">
      <UniqueIdentifier>{bdf33ea7-5073-4294-93a2-abc969970dc3}</UniqueIdentifier>
    </Filter>
    <Filter Include="Component\RigidBody">
      <UniqueIdentifier>{9b0b038e-d418-4671-886f-838f0d63d174}</UniqueIdentifier>
    </Filter>
    <Filter Include="Component\Collider">
      <UniqueIdentifier>{8009d62b-7aca-4770-be95-4e2a28183039}</UniqueIdentifier>
    </Filter>
    <Filter Include="Component\Camera">
      <UniqueIdentifier>{42e2aadf-e71f-44e0-b808-1e121ec2b59b}</UniqueIdentifier>
    </Filter>
    <Filter Include="Component\Camera\SceneCamera">
      <UniqueIdentifier>{fddf4885-be3f-4a4b-a185-5d446f6de4e6}</UniqueIdentifier>
    </Filter>
    <Filter Include="Component\Camera\EditorCamera">
      <UniqueIdentifier>{e9fdabc0-3ebb-4536-9e52-14d808d0b0e2}</UniqueIdentifier>
    </Filter>
    <Filter Include="Component\Drawable">
      <UniqueIdentifier>{e89db91e-38b7-4b69-93d9-0e48eab842d8}</UniqueIdentifier>
    </Filter>
    <Filter Include="Manager\PrefabManager">
      <UniqueIdentifier>{f36b3e43-514b-41bb-87d5-c3be48eecb91}</UniqueIdentifier>
    </Filter>
    <Filter Include="Component\Animator">
      <UniqueIdentifier>{356d8bd4-cc84-419a-ade4-38c8ba3d481b}</UniqueIdentifier>
    </Filter>
    <Filter Include="Manager\InstancingManager">
      <UniqueIdentifier>{f00fa87a-05df-49bc-8f55-c2d6cabca088}</UniqueIdentifier>
    </Filter>
    <Filter Include="Component\Light">
      <UniqueIdentifier>{9e22215f-41f3-4bc4-8e01-6665c2a58f1d}</UniqueIdentifier>
    </Filter>
    <Filter Include="Renderer\Project">
      <UniqueIdentifier>{5f9ed776-e85b-495a-9ae6-e2d8c13b6be3}</UniqueIdentifier>
    </Filter>
    <Filter Include="Renderer\Project\ProjectSerializer">
      <UniqueIdentifier>{68c78601-26e2-4c51-88df-7250d994c6a3}</UniqueIdentifier>
    </Filter>
    <Filter Include="Component\ParticleSystem">
      <UniqueIdentifier>{3819bfba-52ce-40da-8b35-6f5e2fac66d1}</UniqueIdentifier>
    </Filter>
  </ItemGroup>
  <ItemGroup>
    <ClCompile Include="Resource.cpp">
      <Filter>Resource</Filter>
    </ClCompile>
    <ClCompile Include="Mesh.cpp">
      <Filter>Resource\Mesh</Filter>
    </ClCompile>
    <ClCompile Include="Shader.cpp">
      <Filter>Resource\Shader</Filter>
    </ClCompile>
    <ClCompile Include="PipelineStates.cpp">
      <Filter>Graphics\PiplelineStates</Filter>
    </ClCompile>
    <ClCompile Include="Scene.cpp">
      <Filter>Scene</Filter>
    </ClCompile>
    <ClCompile Include="Input.cpp">
      <Filter>Utils\Input</Filter>
    </ClCompile>
    <ClCompile Include="Timer.cpp">
      <Filter>Utils\Time</Filter>
    </ClCompile>
    <ClCompile Include="Texture.cpp">
      <Filter>Resource\Texture</Filter>
    </ClCompile>
    <ClCompile Include="SimpleMath.cpp">
      <Filter>Utils\Math</Filter>
    </ClCompile>
    <ClCompile Include="EnginePch.cpp">
      <Filter>Utils\Pch</Filter>
    </ClCompile>
    <ClCompile Include="pch.cpp">
      <Filter>Utils\Pch</Filter>
    </ClCompile>
    <ClCompile Include="ComputeShader.cpp">
      <Filter>Resource\ComputeShader</Filter>
    </ClCompile>
    <ClCompile Include="..\External\ImGui\imgui.cpp">
      <Filter>ImGui</Filter>
    </ClCompile>
    <ClCompile Include="..\External\ImGui\imgui_demo.cpp">
      <Filter>ImGui</Filter>
    </ClCompile>
    <ClCompile Include="..\External\ImGui\imgui_draw.cpp">
      <Filter>ImGui</Filter>
    </ClCompile>
    <ClCompile Include="..\External\ImGui\imgui_impl_dx11.cpp">
      <Filter>ImGui</Filter>
    </ClCompile>
    <ClCompile Include="..\External\ImGui\imgui_impl_win32.cpp">
      <Filter>ImGui</Filter>
    </ClCompile>
    <ClCompile Include="..\External\ImGui\imgui_stdlib.cpp">
      <Filter>ImGui</Filter>
    </ClCompile>
    <ClCompile Include="..\External\ImGui\imgui_tables.cpp">
      <Filter>ImGui</Filter>
    </ClCompile>
    <ClCompile Include="..\External\ImGui\imgui_widgets.cpp">
      <Filter>ImGui</Filter>
    </ClCompile>
    <ClCompile Include="Entity.cpp">
      <Filter>Entity</Filter>
    </ClCompile>
    <ClCompile Include="UUID.cpp">
      <Filter>Utils\UUID</Filter>
    </ClCompile>
    <ClCompile Include="Layer.cpp">
      <Filter>Layer</Filter>
    </ClCompile>
    <ClCompile Include="ContentsBrowserPanel.cpp">
      <Filter>Panels</Filter>
    </ClCompile>
    <ClCompile Include="Project.cpp">
      <Filter>Renderer\Project</Filter>
    </ClCompile>
    <ClCompile Include="ProjectSerializer.cpp">
      <Filter>Renderer\Project\ProjectSerializer</Filter>
    </ClCompile>
    <ClCompile Include="SceneHierarchyPanel.cpp">
      <Filter>Panels</Filter>
    </ClCompile>
    <ClCompile Include="Application.cpp">
      <Filter>Application</Filter>
    </ClCompile>
    <ClCompile Include="SyWindow.cpp">
      <Filter>Win32Window</Filter>
    </ClCompile>
    <ClCompile Include="LayerStack.cpp">
      <Filter>Layer</Filter>
    </ClCompile>
    <ClCompile Include="EditorLayer.cpp">
      <Filter>Layer\EditorLayer</Filter>
    </ClCompile>
    <ClCompile Include="SceneSerializer.cpp">
      <Filter>Scene\SceneSerializer</Filter>
    </ClCompile>
    <ClCompile Include="SceneCamera.cpp">
      <Filter>Component\Camera\SceneCamera</Filter>
    </ClCompile>
    <ClCompile Include="FileDialogs.cpp">
      <Filter>Utils\EditorUtils\FileDialog</Filter>
    </ClCompile>
    <ClCompile Include="Renderer.cpp">
      <Filter>Renderer</Filter>
    </ClCompile>
    <ClCompile Include="RenderTargetGroup.cpp">
      <Filter>Graphics\RenderTargetGroup</Filter>
    </ClCompile>
    <ClCompile Include="..\External\imgui\ImGuizmo.cpp">
      <Filter>ImGui</Filter>
    </ClCompile>
    <ClCompile Include="..\External\imgui\ImSequencer.cpp">
      <Filter>ImGui</Filter>
    </ClCompile>
    <ClCompile Include="EditorCamera.cpp">
      <Filter>Component\Camera\EditorCamera</Filter>
    </ClCompile>
    <ClCompile Include="imGuiLayer.cpp">
      <Filter>Layer\ImGuiLayer</Filter>
    </ClCompile>
    <ClCompile Include="ConstantBuffer.cpp">
      <Filter>Graphics\Buffer</Filter>
    </ClCompile>
    <ClCompile Include="StructuredBuffer.cpp">
      <Filter>Graphics\Buffer</Filter>
    </ClCompile>
    <ClCompile Include="Engine.cpp">
      <Filter>Graphics</Filter>
    </ClCompile>
    <ClCompile Include="ParentManager.cpp">
      <Filter>Manager\ParentManager</Filter>
    </ClCompile>
    <ClCompile Include="SceneManager.cpp">
      <Filter>Manager\SceneManager</Filter>
    </ClCompile>
    <ClCompile Include="CollisionManager.cpp">
      <Filter>Manager\CollisionManager</Filter>
    </ClCompile>
    <ClCompile Include="ScriptEngine.cpp">
      <Filter>Scripting</Filter>
    </ClCompile>
    <ClCompile Include="ScriptGlue.cpp">
      <Filter>Scripting</Filter>
    </ClCompile>
    <ClCompile Include="Animation.cpp">
      <Filter>Resource\Animation</Filter>
    </ClCompile>
    <ClCompile Include="FileSystem.cpp">
      <Filter>FileSystem</Filter>
    </ClCompile>
    <ClCompile Include="Resources.cpp">
      <Filter>Resource</Filter>
    </ClCompile>
    <ClCompile Include="Material.cpp">
      <Filter>Resource\Material</Filter>
    </ClCompile>
    <ClCompile Include="Prefab.cpp">
      <Filter>Resource\Prefab</Filter>
    </ClCompile>
    <ClCompile Include="IDComponent.cpp">
      <Filter>Component\ID</Filter>
    </ClCompile>
    <ClCompile Include="TransformComponent.cpp">
      <Filter>Component\Transform</Filter>
    </ClCompile>
    <ClCompile Include="RigidBodyComponent.cpp">
      <Filter>Component\RigidBody</Filter>
    </ClCompile>
    <ClCompile Include="Collider.cpp">
      <Filter>Component\Collider</Filter>
    </ClCompile>
    <ClCompile Include="Drawable.cpp">
      <Filter>Component\Drawable</Filter>
    </ClCompile>
    <ClCompile Include="Animator.cpp">
      <Filter>Component\Animator</Filter>
    </ClCompile>
    <ClCompile Include="PrefabManager.cpp">
      <Filter>Manager\PrefabManager</Filter>
    </ClCompile>
    <ClCompile Include="InstancingManager.cpp">
      <Filter>Manager\InstancingManager</Filter>
    </ClCompile>
    <ClCompile Include="InstancingBuffer.cpp">
      <Filter>Graphics\Buffer</Filter>
    </ClCompile>
    <ClCompile Include="Light.cpp">
      <Filter>Component\Light</Filter>
    </ClCompile>
    <ClCompile Include="ParticleSystem.cpp">
      <Filter>Component\ParticleSystem</Filter>
    </ClCompile>
  </ItemGroup>
  <ItemGroup>
    <ClInclude Include="Struct.h">
      <Filter>Utils</Filter>
    </ClInclude>
    <ClInclude Include="Resource.h">
      <Filter>Resource</Filter>
    </ClInclude>
    <ClInclude Include="Mesh.h">
      <Filter>Resource\Mesh</Filter>
    </ClInclude>
    <ClInclude Include="Shader.h">
      <Filter>Resource\Shader</Filter>
    </ClInclude>
    <ClInclude Include="PipelineStates.h">
      <Filter>Graphics\PiplelineStates</Filter>
    </ClInclude>
    <ClInclude Include="Input.h">
      <Filter>Utils\Input</Filter>
    </ClInclude>
    <ClInclude Include="Timer.h">
      <Filter>Utils\Time</Filter>
    </ClInclude>
    <ClInclude Include="Texture.h">
      <Filter>Resource\Texture</Filter>
    </ClInclude>
    <ClInclude Include="SimpleMath.h">
      <Filter>Utils\Math</Filter>
    </ClInclude>
    <ClInclude Include="EnginePch.h">
      <Filter>Utils\Pch</Filter>
    </ClInclude>
    <ClInclude Include="pch.h">
      <Filter>Utils\Pch</Filter>
    </ClInclude>
    <ClInclude Include="ComputeShader.h">
      <Filter>Resource\ComputeShader</Filter>
    </ClInclude>
    <ClInclude Include="..\External\ImGui\imconfig.h">
      <Filter>ImGui</Filter>
    </ClInclude>
    <ClInclude Include="..\External\ImGui\imgui.h">
      <Filter>ImGui</Filter>
    </ClInclude>
    <ClInclude Include="..\External\ImGui\imgui_impl_dx11.h">
      <Filter>ImGui</Filter>
    </ClInclude>
    <ClInclude Include="..\External\ImGui\imgui_impl_win32.h">
      <Filter>ImGui</Filter>
    </ClInclude>
    <ClInclude Include="..\External\ImGui\imgui_internal.h">
      <Filter>ImGui</Filter>
    </ClInclude>
    <ClInclude Include="..\External\ImGui\imgui_stdlib.h">
      <Filter>ImGui</Filter>
    </ClInclude>
    <ClInclude Include="..\External\ImGui\imstb_rectpack.h">
      <Filter>ImGui</Filter>
    </ClInclude>
    <ClInclude Include="..\External\ImGui\imstb_textedit.h">
      <Filter>ImGui</Filter>
    </ClInclude>
    <ClInclude Include="..\External\ImGui\imstb_truetype.h">
      <Filter>ImGui</Filter>
    </ClInclude>
    <ClInclude Include="Entity.h">
      <Filter>Entity</Filter>
    </ClInclude>
    <ClInclude Include="UUID.h">
      <Filter>Utils\UUID</Filter>
    </ClInclude>
    <ClInclude Include="Physics2D.h">
      <Filter>Utils\Physics</Filter>
    </ClInclude>
    <ClInclude Include="Event.h">
      <Filter>Event</Filter>
    </ClInclude>
    <ClInclude Include="KeyEvent.h">
      <Filter>Event</Filter>
    </ClInclude>
    <ClInclude Include="MouseEvent.h">
      <Filter>Event</Filter>
    </ClInclude>
    <ClInclude Include="ApplicationEvent.h">
      <Filter>Event</Filter>
    </ClInclude>
    <ClInclude Include="Layer.h">
      <Filter>Layer</Filter>
    </ClInclude>
    <ClInclude Include="ContentBrowserPanel.h">
      <Filter>Panels</Filter>
    </ClInclude>
    <ClInclude Include="Project.h">
      <Filter>Renderer\Project</Filter>
    </ClInclude>
    <ClInclude Include="ProjectSerializer.h">
      <Filter>Renderer\Project\ProjectSerializer</Filter>
    </ClInclude>
    <ClInclude Include="SceneHierarchyPanel.h">
      <Filter>Panels</Filter>
    </ClInclude>
    <ClInclude Include="Application.h">
      <Filter>Application</Filter>
    </ClInclude>
    <ClInclude Include="LayerStack.h">
      <Filter>Layer</Filter>
    </ClInclude>
    <ClInclude Include="EditorLayer.h">
      <Filter>Layer\EditorLayer</Filter>
    </ClInclude>
    <ClInclude Include="SceneSerializer.h">
      <Filter>Scene\SceneSerializer</Filter>
    </ClInclude>
    <ClInclude Include="SceneCamera.h">
      <Filter>Component\Camera\SceneCamera</Filter>
    </ClInclude>
    <ClInclude Include="FileDialogs.h">
      <Filter>Utils\EditorUtils\FileDialog</Filter>
    </ClInclude>
    <ClInclude Include="Renderer.h">
      <Filter>Renderer</Filter>
    </ClInclude>
    <ClInclude Include="RenderTargetGroup.h">
      <Filter>Graphics\RenderTargetGroup</Filter>
    </ClInclude>
    <ClInclude Include="SyWindow.h">
      <Filter>Win32Window</Filter>
    </ClInclude>
    <ClInclude Include="Camera.h">
      <Filter>Component\Camera</Filter>
    </ClInclude>
    <ClInclude Include="..\External\imgui\ImGuizmo.h">
      <Filter>ImGui</Filter>
    </ClInclude>
    <ClInclude Include="..\External\imgui\ImSequencer.h">
      <Filter>ImGui</Filter>
    </ClInclude>
    <ClInclude Include="EditorCamera.h">
      <Filter>Component\Camera\EditorCamera</Filter>
    </ClInclude>
    <ClInclude Include="imGuiLayer.h">
      <Filter>Layer\ImGuiLayer</Filter>
    </ClInclude>
    <ClInclude Include="ConstantBuffer.h">
      <Filter>Graphics\Buffer</Filter>
    </ClInclude>
    <ClInclude Include="StructuredBuffer.h">
      <Filter>Graphics\Buffer</Filter>
    </ClInclude>
    <ClInclude Include="Engine.h">
      <Filter>Graphics</Filter>
    </ClInclude>
    <ClInclude Include="Scene.h">
      <Filter>Scene</Filter>
    </ClInclude>
    <ClInclude Include="ParentManager.h">
      <Filter>Manager\ParentManager</Filter>
    </ClInclude>
    <ClInclude Include="SceneManager.h">
      <Filter>Manager\SceneManager</Filter>
    </ClInclude>
    <ClInclude Include="CollisionManager.h">
      <Filter>Manager\CollisionManager</Filter>
    </ClInclude>
    <ClInclude Include="ScriptEngine.h">
      <Filter>Scripting</Filter>
    </ClInclude>
    <ClInclude Include="ScriptGlue.h">
      <Filter>Scripting</Filter>
    </ClInclude>
    <ClInclude Include="UI.h">
      <Filter>UI</Filter>
    </ClInclude>
    <ClInclude Include="SerializerUtils.h">
      <Filter>Serializer</Filter>
    </ClInclude>
    <ClInclude Include="Animation.h">
      <Filter>Resource\Animation</Filter>
    </ClInclude>
    <ClInclude Include="Buffer.h">
      <Filter>Buffer</Filter>
    </ClInclude>
    <ClInclude Include="FileSystem.h">
      <Filter>FileSystem</Filter>
    </ClInclude>
    <ClInclude Include="Resources.h">
      <Filter>Resource</Filter>
    </ClInclude>
    <ClInclude Include="Material.h">
      <Filter>Resource\Material</Filter>
    </ClInclude>
    <ClInclude Include="Prefab.h">
      <Filter>Resource\Prefab</Filter>
    </ClInclude>
    <ClInclude Include="IDComponent.h">
      <Filter>Component\ID</Filter>
    </ClInclude>
    <ClInclude Include="TransformComponent.h">
      <Filter>Component\Transform</Filter>
    </ClInclude>
    <ClInclude Include="RigidBodyComponent.h">
      <Filter>Component\RigidBody</Filter>
    </ClInclude>
    <ClInclude Include="Collider.h">
      <Filter>Component\Collider</Filter>
    </ClInclude>
    <ClInclude Include="Drawable.h">
      <Filter>Component\Drawable</Filter>
    </ClInclude>
    <ClInclude Include="Component.h">
      <Filter>Component</Filter>
    </ClInclude>
    <ClInclude Include="Animator.h">
      <Filter>Component\Animator</Filter>
    </ClInclude>
    <ClInclude Include="PrefabManager.h">
      <Filter>Manager\PrefabManager</Filter>
    </ClInclude>
    <ClInclude Include="InstancingManager.h">
      <Filter>Manager\InstancingManager</Filter>
    </ClInclude>
    <ClInclude Include="InstancingBuffer.h">
      <Filter>Graphics\Buffer</Filter>
    </ClInclude>
    <ClInclude Include="Light.h">
      <Filter>Component\Light</Filter>
    </ClInclude>
    <ClInclude Include="ParticleSystem.h">
      <Filter>Component\ParticleSystem</Filter>
    </ClInclude>
  </ItemGroup>
  <ItemGroup>
    <None Include="SimpleMath.inl">
      <Filter>Utils\Math</Filter>
    </None>
  </ItemGroup>
</Project>